
Microsoft Visual Studio Solution File, Format Version 12.00
# Visual Studio 15
VisualStudioVersion = 15.0.28307.421
MinimumVisualStudioVersion = 10.0.40219.1
Project("{FAE04EC0-301F-11D3-BF4B-00C04F79EFBC}") = "Cipher", "Cipher\Cipher.csproj", "{ACC1A954-0B6B-4623-B5F2-C997D65359DC}"
EndProject
Global
	GlobalSection(SolutionConfigurationPlatforms) = preSolution
		Debug|Any CPU = Debug|Any CPU
		Release|Any CPU = Release|Any CPU
	EndGlobalSection
	GlobalSection(ProjectConfigurationPlatforms) = postSolution
		{ACC1A954-0B6B-4623-B5F2-C997D65359DC}.Debug|Any CPU.ActiveCfg = Debug|Any CPU
		{ACC1A954-0B6B-4623-B5F2-C997D65359DC}.Debug|Any CPU.Build.0 = Debug|Any CPU
		{ACC1A954-0B6B-4623-B5F2-C997D65359DC}.Release|Any CPU.ActiveCfg = Release|Any CPU
		{ACC1A954-0B6B-4623-B5F2-C997D65359DC}.Release|Any CPU.Build.0 = Release|Any CPU
	EndGlobalSection
	GlobalSection(SolutionProperties) = preSolution
		HideSolutionNode = FALSE
	EndGlobalSection
	GlobalSection(ExtensibilityGlobals) = postSolution
		SolutionGuid = {6786CDF9-255C-4DE5-BD7F-B92BC11DD4ED}
	EndGlobalSection
EndGlobal
